
Microsoft Visual Studio Solution File, Format Version 12.00
# Visual Studio 15
VisualStudioVersion = 15.0.28307.271
MinimumVisualStudioVersion = 10.0.40219.1
Project("{E24C65DC-7377-472B-9ABA-BC803B73C61A}") = "trendytalk.UI(1)", ".", "{50EFC917-0E3A-4C1E-BA77-A73B525B444E}"
	ProjectSection(WebsiteProperties) = preProject
		TargetFrameworkMoniker = ".NETFramework,Version%3Dv4.0"
		Debug.AspNetCompiler.VirtualPath = "/localhost_61058"
		Debug.AspNetCompiler.PhysicalPath = "..\trendytalk.UI\"
		Debug.AspNetCompiler.TargetPath = "PrecompiledWeb\localhost_61058\"
		Debug.AspNetCompiler.Updateable = "true"
		Debug.AspNetCompiler.ForceOverwrite = "true"
		Debug.AspNetCompiler.FixedNames = "false"
		Debug.AspNetCompiler.Debug = "True"
		Release.AspNetCompiler.VirtualPath = "/localhost_61058"
		Release.AspNetCompiler.PhysicalPath = "..\trendytalk.UI\"
		Release.AspNetCompiler.TargetPath = "PrecompiledWeb\localhost_61058\"
		Release.AspNetCompiler.Updateable = "true"
		Release.AspNetCompiler.ForceOverwrite = "true"
		Release.AspNetCompiler.FixedNames = "false"
		Release.AspNetCompiler.Debug = "False"
		VWDPort = "61058"
		SlnRelativePath = "..\trendytalk.UI\"
	EndProjectSection
EndProject
Global
	GlobalSection(SolutionConfigurationPlatforms) = preSolution
		Debug|Any CPU = Debug|Any CPU
	EndGlobalSection
	GlobalSection(ProjectConfigurationPlatforms) = postSolution
		{50EFC917-0E3A-4C1E-BA77-A73B525B444E}.Debug|Any CPU.ActiveCfg = Debug|Any CPU
		{50EFC917-0E3A-4C1E-BA77-A73B525B444E}.Debug|Any CPU.Build.0 = Debug|Any CPU
	EndGlobalSection
	GlobalSection(SolutionProperties) = preSolution
		HideSolutionNode = FALSE
	EndGlobalSection
	GlobalSection(ExtensibilityGlobals) = postSolution
		SolutionGuid = {02564C4C-8F55-4DE6-AA71-4F43EC9B1ED4}
	EndGlobalSection
EndGlobal
